{
  "name": "image_stitcher",
  "version": "1.0.0",
  "lockfileVersion": 1,
  "requires": true,
  "dependencies": {
    "node-pdftk": {
      "version": "2.0.0",
      "resolved": "https://registry.npmjs.org/node-pdftk/-/node-pdftk-2.0.0.tgz",
      "integrity": "sha512-ZKIJUzQWaz0p70OvxTFqQp+70AlC4TDVwnkcBh18T4DrS2aVvswoGGslk/PYe5FO9O3KRq3aXYjWPteQahNJnQ=="
    },
    "vue": {
      "version": "2.5.17",
      "resolved": "https://registry.npmjs.org/vue/-/vue-2.5.17.tgz",
      "integrity": "sha512-mFbcWoDIJi0w0Za4emyLiW72Jae0yjANHbCVquMKijcavBGypqlF7zHRgMa5k4sesdv7hv2rB4JPdZfR+TPfhQ=="
    }
  }
}
